
Microsoft Visual Studio Solution File, Format Version 12.00
# Visual Studio 15
VisualStudioVersion = 15.0.26730.10
MinimumVisualStudioVersion = 10.0.40219.1
Project("{9A19103F-16F7-4668-BE54-9A1E7A4F7556}") = "WorkingWithVisualStudio", "WorkingWithVisualStudio\WorkingWithVisualStudio.csproj", "{AEC7DD3B-F241-4E0C-BA33-594C79B1EB95}"
EndProject
Global
	GlobalSection(SolutionConfigurationPlatforms) = preSolution
		Debug|Any CPU = Debug|Any CPU
		Release|Any CPU = Release|Any CPU
	EndGlobalSection
	GlobalSection(ProjectConfigurationPlatforms) = postSolution
		{AEC7DD3B-F241-4E0C-BA33-594C79B1EB95}.Debug|Any CPU.ActiveCfg = Debug|Any CPU
		{AEC7DD3B-F241-4E0C-BA33-594C79B1EB95}.Debug|Any CPU.Build.0 = Debug|Any CPU
		{AEC7DD3B-F241-4E0C-BA33-594C79B1EB95}.Release|Any CPU.ActiveCfg = Release|Any CPU
		{AEC7DD3B-F241-4E0C-BA33-594C79B1EB95}.Release|Any CPU.Build.0 = Release|Any CPU
	EndGlobalSection
	GlobalSection(SolutionProperties) = preSolution
		HideSolutionNode = FALSE
	EndGlobalSection
	GlobalSection(ExtensibilityGlobals) = postSolution
		SolutionGuid = {E0002AFB-DD6A-42E4-AB3E-B8E6FC6139C9}
	EndGlobalSection
EndGlobal
